
Microsoft Visual Studio Solution File, Format Version 12.00
# Visual Studio Version 16
VisualStudioVersion = 16.0.32901.82
MinimumVisualStudioVersion = 10.0.40219.1
Project("{FAE04EC0-301F-11D3-BF4B-00C04F79EFBC}") = "HelloWorld", "HelloWorld\HelloWorld.csproj", "{F80F1408-C5A6-4323-9CAB-1D54BDD2A13A}"
EndProject
Global
	GlobalSection(SolutionConfigurationPlatforms) = preSolution
		Debug|Any CPU = Debug|Any CPU
		Release|Any CPU = Release|Any CPU
	EndGlobalSection
	GlobalSection(ProjectConfigurationPlatforms) = postSolution
		{F80F1408-C5A6-4323-9CAB-1D54BDD2A13A}.Debug|Any CPU.ActiveCfg = Debug|Any CPU
		{F80F1408-C5A6-4323-9CAB-1D54BDD2A13A}.Debug|Any CPU.Build.0 = Debug|Any CPU
		{F80F1408-C5A6-4323-9CAB-1D54BDD2A13A}.Release|Any CPU.ActiveCfg = Release|Any CPU
		{F80F1408-C5A6-4323-9CAB-1D54BDD2A13A}.Release|Any CPU.Build.0 = Release|Any CPU
	EndGlobalSection
	GlobalSection(SolutionProperties) = preSolution
		HideSolutionNode = FALSE
	EndGlobalSection
	GlobalSection(ExtensibilityGlobals) = postSolution
		SolutionGuid = {2B7C91F1-5272-4D17-A7B3-F6DDC8E548F2}
	EndGlobalSection
EndGlobal
